
Microsoft Visual Studio Solution File, Format Version 12.00
# Visual Studio Version 17
VisualStudioVersion = 17.0.31903.59
MinimumVisualStudioVersion = 10.0.40219.1
Project("{2150E333-8FDC-42A3-9474-1A3956D46DE8}") = "C#", "C#", "{E152741E-468E-4819-A56C-40E3417FE5AC}"
EndProject
Project("{FAE04EC0-301F-11D3-BF4B-00C04F79EFBC}") = "BootacmpProject1", "C#\BootcampProject1\BootcampProject1\BootacmpProject1.csproj", "{920D1888-0A08-40ED-B061-8F6F31E14533}"
EndProject
Global
	GlobalSection(SolutionConfigurationPlatforms) = preSolution
		Debug|Any CPU = Debug|Any CPU
		Release|Any CPU = Release|Any CPU
	EndGlobalSection
	GlobalSection(SolutionProperties) = preSolution
		HideSolutionNode = FALSE
	EndGlobalSection
	GlobalSection(ProjectConfigurationPlatforms) = postSolution
		{920D1888-0A08-40ED-B061-8F6F31E14533}.Debug|Any CPU.ActiveCfg = Debug|Any CPU
		{920D1888-0A08-40ED-B061-8F6F31E14533}.Debug|Any CPU.Build.0 = Debug|Any CPU
		{920D1888-0A08-40ED-B061-8F6F31E14533}.Release|Any CPU.ActiveCfg = Release|Any CPU
		{920D1888-0A08-40ED-B061-8F6F31E14533}.Release|Any CPU.Build.0 = Release|Any CPU
	EndGlobalSection
	GlobalSection(NestedProjects) = preSolution
		{920D1888-0A08-40ED-B061-8F6F31E14533} = {E152741E-468E-4819-A56C-40E3417FE5AC}
	EndGlobalSection
EndGlobal
