
Microsoft Visual Studio Solution File, Format Version 12.00
# Visual Studio Version 17
VisualStudioVersion = 17.0.31903.59
MinimumVisualStudioVersion = 10.0.40219.1
Project("{FAE04EC0-301F-11D3-BF4B-00C04F79EFBC}") = "Bootcamp", "Bootcamp\Bootcamp.csproj", "{01F42987-7C71-42E7-B348-6D75FCE684A1}"
EndProject
Project("{FAE04EC0-301F-11D3-BF4B-00C04F79EFBC}") = "Bootcamp.Common", "Bootcamp.Common\Bootcamp.Common.csproj", "{43376BA4-A7D0-4D6F-B616-2ED05D1DF995}"
EndProject
Global
	GlobalSection(SolutionConfigurationPlatforms) = preSolution
		Debug|Any CPU = Debug|Any CPU
		Release|Any CPU = Release|Any CPU
	EndGlobalSection
	GlobalSection(SolutionProperties) = preSolution
		HideSolutionNode = FALSE
	EndGlobalSection
	GlobalSection(ProjectConfigurationPlatforms) = postSolution
		{83E27C8F-3296-44D9-A838-92051C343673}.Debug|Any CPU.ActiveCfg = Debug|Any CPU
		{83E27C8F-3296-44D9-A838-92051C343673}.Debug|Any CPU.Build.0 = Debug|Any CPU
		{83E27C8F-3296-44D9-A838-92051C343673}.Release|Any CPU.ActiveCfg = Release|Any CPU
		{83E27C8F-3296-44D9-A838-92051C343673}.Release|Any CPU.Build.0 = Release|Any CPU
		{73507918-065C-4D97-BC3D-16E8448874E0}.Debug|Any CPU.ActiveCfg = Debug|Any CPU
		{73507918-065C-4D97-BC3D-16E8448874E0}.Debug|Any CPU.Build.0 = Debug|Any CPU
		{73507918-065C-4D97-BC3D-16E8448874E0}.Release|Any CPU.ActiveCfg = Release|Any CPU
		{73507918-065C-4D97-BC3D-16E8448874E0}.Release|Any CPU.Build.0 = Release|Any CPU
		{88F928CC-B880-4224-A2D3-8F669D49513B}.Debug|Any CPU.ActiveCfg = Debug|Any CPU
		{88F928CC-B880-4224-A2D3-8F669D49513B}.Debug|Any CPU.Build.0 = Debug|Any CPU
		{88F928CC-B880-4224-A2D3-8F669D49513B}.Release|Any CPU.ActiveCfg = Release|Any CPU
		{88F928CC-B880-4224-A2D3-8F669D49513B}.Release|Any CPU.Build.0 = Release|Any CPU
		{01F42987-7C71-42E7-B348-6D75FCE684A1}.Debug|Any CPU.ActiveCfg = Debug|Any CPU
		{01F42987-7C71-42E7-B348-6D75FCE684A1}.Debug|Any CPU.Build.0 = Debug|Any CPU
		{01F42987-7C71-42E7-B348-6D75FCE684A1}.Release|Any CPU.ActiveCfg = Release|Any CPU
		{01F42987-7C71-42E7-B348-6D75FCE684A1}.Release|Any CPU.Build.0 = Release|Any CPU
		{43376BA4-A7D0-4D6F-B616-2ED05D1DF995}.Debug|Any CPU.ActiveCfg = Debug|Any CPU
		{43376BA4-A7D0-4D6F-B616-2ED05D1DF995}.Debug|Any CPU.Build.0 = Debug|Any CPU
		{43376BA4-A7D0-4D6F-B616-2ED05D1DF995}.Release|Any CPU.ActiveCfg = Release|Any CPU
		{43376BA4-A7D0-4D6F-B616-2ED05D1DF995}.Release|Any CPU.Build.0 = Release|Any CPU
	EndGlobalSection
	GlobalSection(NestedProjects) = preSolution
	EndGlobalSection
EndGlobal
